
Microsoft Visual Studio Solution File, Format Version 12.00
# Visual Studio Version 17
VisualStudioVersion = 17.1.32210.238
MinimumVisualStudioVersion = 10.0.40219.1
Project("{2150E333-8FDC-42A3-9474-1A3956D46DE8}") = "Services", "Services", "{B5897051-B60E-4041-BF8D-A7B6A3C8D457}"
EndProject
Project("{2150E333-8FDC-42A3-9474-1A3956D46DE8}") = "Catalog", "Catalog", "{CF17CAB5-ECEA-4A7E-9604-9AE6CC3B7874}"
EndProject
Project("{FAE04EC0-301F-11D3-BF4B-00C04F79EFBC}") = "Catalog.API", "Services\Catalog\Catalog.API\Catalog.API.csproj", "{C769757F-7D68-4B3B-AFFF-E7F37F87394C}"
EndProject
Global
	GlobalSection(SolutionConfigurationPlatforms) = preSolution
		Debug|Any CPU = Debug|Any CPU
		Release|Any CPU = Release|Any CPU
	EndGlobalSection
	GlobalSection(ProjectConfigurationPlatforms) = postSolution
		{C769757F-7D68-4B3B-AFFF-E7F37F87394C}.Debug|Any CPU.ActiveCfg = Debug|Any CPU
		{C769757F-7D68-4B3B-AFFF-E7F37F87394C}.Debug|Any CPU.Build.0 = Debug|Any CPU
		{C769757F-7D68-4B3B-AFFF-E7F37F87394C}.Release|Any CPU.ActiveCfg = Release|Any CPU
		{C769757F-7D68-4B3B-AFFF-E7F37F87394C}.Release|Any CPU.Build.0 = Release|Any CPU
	EndGlobalSection
	GlobalSection(SolutionProperties) = preSolution
		HideSolutionNode = FALSE
	EndGlobalSection
	GlobalSection(NestedProjects) = preSolution
		{CF17CAB5-ECEA-4A7E-9604-9AE6CC3B7874} = {B5897051-B60E-4041-BF8D-A7B6A3C8D457}
		{C769757F-7D68-4B3B-AFFF-E7F37F87394C} = {CF17CAB5-ECEA-4A7E-9604-9AE6CC3B7874}
	EndGlobalSection
	GlobalSection(ExtensibilityGlobals) = postSolution
		SolutionGuid = {CE32CE0A-858A-48CC-8F0D-13CB5C83448C}
	EndGlobalSection
EndGlobal
